// !$*UTF8*$!
{
	archiveVersion = 1;
	classes = {
	};
	objectVersion = 50;
	objects = {

/* Begin PBXBuildFile section */
		8727CD4823AE9523002D35E7 /* Apis.swift in Sources */ = {isa = PBXBuildFile; fileRef = 8727CD4723AE9523002D35E7 /* Apis.swift */; };
		8727CD4D23AEA117002D35E7 /* ServiceConfig.swift in Sources */ = {isa = PBXBuildFile; fileRef = 8727CD4C23AEA117002D35E7 /* ServiceConfig.swift */; };
		8727CD4F23AEA7E3002D35E7 /* TokenProvider.swift in Sources */ = {isa = PBXBuildFile; fileRef = 8727CD4E23AEA7E3002D35E7 /* TokenProvider.swift */; };
		8727CD5223AEAF5A002D35E7 /* ImageCacher.swift in Sources */ = {isa = PBXBuildFile; fileRef = 8727CD5123AEAF5A002D35E7 /* ImageCacher.swift */; };
		8727CD5423AEB0D3002D35E7 /* ImageRequest.swift in Sources */ = {isa = PBXBuildFile; fileRef = 8727CD5323AEB0D3002D35E7 /* ImageRequest.swift */; };
		8727CD5623AEC67E002D35E7 /* Assets.swift in Sources */ = {isa = PBXBuildFile; fileRef = 8727CD5523AEC67E002D35E7 /* Assets.swift */; };
		8746E8F323A95A3000F85A92 /* Container.swift in Sources */ = {isa = PBXBuildFile; fileRef = 8746E8F223A95A3000F85A92 /* Container.swift */; };
		8746E8F523A95A7C00F85A92 /* PopularPeople.swift in Sources */ = {isa = PBXBuildFile; fileRef = 8746E8F423A95A7C00F85A92 /* PopularPeople.swift */; };
		8746E8F723A95A9000F85A92 /* KnownFor.swift in Sources */ = {isa = PBXBuildFile; fileRef = 8746E8F623A95A9000F85A92 /* KnownFor.swift */; };
		8746E8F923A95BEF00F85A92 /* Service.swift in Sources */ = {isa = PBXBuildFile; fileRef = 8746E8F823A95BEF00F85A92 /* Service.swift */; };
		8746E8FB23A95C2D00F85A92 /* Request.swift in Sources */ = {isa = PBXBuildFile; fileRef = 8746E8FA23A95C2D00F85A92 /* Request.swift */; };
		8746E8FD23A95C3C00F85A92 /* URLRequestConvertible.swift in Sources */ = {isa = PBXBuildFile; fileRef = 8746E8FC23A95C3C00F85A92 /* URLRequestConvertible.swift */; };
		8746E8FF23A95C6A00F85A92 /* Cachable.swift in Sources */ = {isa = PBXBuildFile; fileRef = 8746E8FE23A95C6A00F85A92 /* Cachable.swift */; };
		8746E90123A95C7B00F85A92 /* RestError.swift in Sources */ = {isa = PBXBuildFile; fileRef = 8746E90023A95C7B00F85A92 /* RestError.swift */; };
		8746E90323A95C9E00F85A92 /* RestService.swift in Sources */ = {isa = PBXBuildFile; fileRef = 8746E90223A95C9E00F85A92 /* RestService.swift */; };
		8746E90523A95CBD00F85A92 /* Decoder+Encoder.swift in Sources */ = {isa = PBXBuildFile; fileRef = 8746E90423A95CBD00F85A92 /* Decoder+Encoder.swift */; };
		8746E90723A95CE300F85A92 /* Task.swift in Sources */ = {isa = PBXBuildFile; fileRef = 8746E90623A95CE200F85A92 /* Task.swift */; };
		8746E90923A95CF400F85A92 /* SimpleTask.swift in Sources */ = {isa = PBXBuildFile; fileRef = 8746E90823A95CF400F85A92 /* SimpleTask.swift */; };
		8746E90B23A95D3500F85A92 /* Mockable.swift in Sources */ = {isa = PBXBuildFile; fileRef = 8746E90A23A95D3500F85A92 /* Mockable.swift */; };
		8746E90E23A95D7100F85A92 /* PeopleRequest.swift in Sources */ = {isa = PBXBuildFile; fileRef = 8746E90D23A95D7100F85A92 /* PeopleRequest.swift */; };
		8746E91023A95DE700F85A92 /* RequestBuilder.swift in Sources */ = {isa = PBXBuildFile; fileRef = 8746E90F23A95DE700F85A92 /* RequestBuilder.swift */; };
		8746E91223A95E6F00F85A92 /* TimeoutInterval.swift in Sources */ = {isa = PBXBuildFile; fileRef = 8746E91123A95E6F00F85A92 /* TimeoutInterval.swift */; };
		8746E91423A95EEA00F85A92 /* HTTPMethod.swift in Sources */ = {isa = PBXBuildFile; fileRef = 8746E91323A95EEA00F85A92 /* HTTPMethod.swift */; };
		8746E91623A9661400F85A92 /* Observable.swift in Sources */ = {isa = PBXBuildFile; fileRef = 8746E91523A9661400F85A92 /* Observable.swift */; };
		8746E91923A9798200F85A92 /* ObservableType.swift in Sources */ = {isa = PBXBuildFile; fileRef = 8746E91823A9798200F85A92 /* ObservableType.swift */; };
		8746E91B23A9799300F85A92 /* ObserverType.swift in Sources */ = {isa = PBXBuildFile; fileRef = 8746E91A23A9799300F85A92 /* ObserverType.swift */; };
		8746E91D23A979A000F85A92 /* Observer.swift in Sources */ = {isa = PBXBuildFile; fileRef = 8746E91C23A979A000F85A92 /* Observer.swift */; };
		8746E91F23A979AC00F85A92 /* AnyObserver.swift in Sources */ = {isa = PBXBuildFile; fileRef = 8746E91E23A979AC00F85A92 /* AnyObserver.swift */; };
		8746E92123A979B500F85A92 /* Disposable.swift in Sources */ = {isa = PBXBuildFile; fileRef = 8746E92023A979B500F85A92 /* Disposable.swift */; };
		8746E92323A979C000F85A92 /* DisposeBag.swift in Sources */ = {isa = PBXBuildFile; fileRef = 8746E92223A979C000F85A92 /* DisposeBag.swift */; };
		8746E92523A97A3100F85A92 /* Event.swift in Sources */ = {isa = PBXBuildFile; fileRef = 8746E92423A97A3100F85A92 /* Event.swift */; };
		8746E92823A97ADE00F85A92 /* Reactive+Service.swift in Sources */ = {isa = PBXBuildFile; fileRef = 8746E92723A97ADE00F85A92 /* Reactive+Service.swift */; };
		874C596023AB8610001A78D2 /* ReactiveTests.swift in Sources */ = {isa = PBXBuildFile; fileRef = 874C595F23AB8610001A78D2 /* ReactiveTests.swift */; };
		874C596523AC083C001A78D2 /* DataStore.swift in Sources */ = {isa = PBXBuildFile; fileRef = 874C596423AC083C001A78D2 /* DataStore.swift */; };
		874C596723AC087F001A78D2 /* UserDefaultStore.swift in Sources */ = {isa = PBXBuildFile; fileRef = 874C596623AC087F001A78D2 /* UserDefaultStore.swift */; };
		874C596923AC08A0001A78D2 /* SecureStore.swift in Sources */ = {isa = PBXBuildFile; fileRef = 874C596823AC08A0001A78D2 /* SecureStore.swift */; };
		876648EB23AACFD10083BD7E /* ServiceTest.swift in Sources */ = {isa = PBXBuildFile; fileRef = 876648EA23AACFD10083BD7E /* ServiceTest.swift */; };
		876648ED23AB56D70083BD7E /* RequestBuilderTest.swift in Sources */ = {isa = PBXBuildFile; fileRef = 876648EC23AB56D70083BD7E /* RequestBuilderTest.swift */; };
		8769741623ACDCA600F0E81A /* SecureStoreTest.swift in Sources */ = {isa = PBXBuildFile; fileRef = 8769741523ACDCA600F0E81A /* SecureStoreTest.swift */; };
		8769741823ACDD0900F0E81A /* UserDefaultDataStore.swift in Sources */ = {isa = PBXBuildFile; fileRef = 8769741723ACDD0900F0E81A /* UserDefaultDataStore.swift */; };
		8769741A23AE7C7E00F0E81A /* DataStore+Ext.swift in Sources */ = {isa = PBXBuildFile; fileRef = 8769741923AE7C7E00F0E81A /* DataStore+Ext.swift */; };
		8769741E23AE801E00F0E81A /* AppCoordinator.swift in Sources */ = {isa = PBXBuildFile; fileRef = 8769741D23AE801E00F0E81A /* AppCoordinator.swift */; };
		8769742123AE80F300F0E81A /* PopularPeopleViewController.swift in Sources */ = {isa = PBXBuildFile; fileRef = 8769741F23AE80F300F0E81A /* PopularPeopleViewController.swift */; };
		8769742223AE80F300F0E81A /* PopularPeopleViewController.xib in Resources */ = {isa = PBXBuildFile; fileRef = 8769742023AE80F300F0E81A /* PopularPeopleViewController.xib */; };
		8769742423AE810400F0E81A /* MovieDetailsViewModel.swift in Sources */ = {isa = PBXBuildFile; fileRef = 8769742323AE810400F0E81A /* MovieDetailsViewModel.swift */; };
		8769742923AE85B800F0E81A /* PopularPeopleTableViewCell.swift in Sources */ = {isa = PBXBuildFile; fileRef = 8769742723AE85B800F0E81A /* PopularPeopleTableViewCell.swift */; };
		8769742A23AE85B800F0E81A /* PopularPeopleTableViewCell.xib in Resources */ = {isa = PBXBuildFile; fileRef = 8769742823AE85B800F0E81A /* PopularPeopleTableViewCell.xib */; };
		8769742D23AE91C100F0E81A /* KnownForCollectionViewCell.swift in Sources */ = {isa = PBXBuildFile; fileRef = 8769742B23AE91C100F0E81A /* KnownForCollectionViewCell.swift */; };
		8769742E23AE91C100F0E81A /* KnownForCollectionViewCell.xib in Resources */ = {isa = PBXBuildFile; fileRef = 8769742C23AE91C100F0E81A /* KnownForCollectionViewCell.xib */; };
		878D744323B045AF0098662F /* WatchListViewController.xib in Resources */ = {isa = PBXBuildFile; fileRef = 878D744223B045AF0098662F /* WatchListViewController.xib */; };
		878D744623B127110098662F /* ImageView+Ext.swift in Sources */ = {isa = PBXBuildFile; fileRef = 878D744523B127110098662F /* ImageView+Ext.swift */; };
		87A8EEAA23AFF32500B87ACE /* PeopleDetailsViewController.swift in Sources */ = {isa = PBXBuildFile; fileRef = 87A8EEA823AFF32500B87ACE /* PeopleDetailsViewController.swift */; };
		87A8EEAB23AFF32500B87ACE /* PeopleDetailsViewController.xib in Resources */ = {isa = PBXBuildFile; fileRef = 87A8EEA923AFF32500B87ACE /* PeopleDetailsViewController.xib */; };
		87A8EEAD23AFFB8700B87ACE /* People.swift in Sources */ = {isa = PBXBuildFile; fileRef = 87A8EEAC23AFFB8700B87ACE /* People.swift */; };
		87A8EEAF23B0249F00B87ACE /* PeopleDetailsViewModel.swift in Sources */ = {isa = PBXBuildFile; fileRef = 87A8EEAE23B0249F00B87ACE /* PeopleDetailsViewModel.swift */; };
		87A8EEB123B027D800B87ACE /* Presistent.swift in Sources */ = {isa = PBXBuildFile; fileRef = 87A8EEB023B027D800B87ACE /* Presistent.swift */; };
		87A8EEB723B0313500B87ACE /* ViewModelHolder.swift in Sources */ = {isa = PBXBuildFile; fileRef = 87A8EEB623B0313500B87ACE /* ViewModelHolder.swift */; };
		87A8EEB923B0316000B87ACE /* PopularPeopleViewModel copy.swift in Sources */ = {isa = PBXBuildFile; fileRef = 87A8EEB823B0315F00B87ACE /* PopularPeopleViewModel copy.swift */; };
		87A8EEBB23B031A600B87ACE /* ModelFillable.swift in Sources */ = {isa = PBXBuildFile; fileRef = 87A8EEBA23B031A600B87ACE /* ModelFillable.swift */; };
		87A8EEBC23B0361500B87ACE /* MovieDetailsViewController.swift in Sources */ = {isa = PBXBuildFile; fileRef = 87A8EEB323B0310C00B87ACE /* MovieDetailsViewController.swift */; };
		87A8EEBD23B037E400B87ACE /* MovieDetailsViewController.xib in Resources */ = {isa = PBXBuildFile; fileRef = 87A8EEB423B0310C00B87ACE /* MovieDetailsViewController.xib */; };
		87A8EEC023B03BE100B87ACE /* WatchListViewController.swift in Sources */ = {isa = PBXBuildFile; fileRef = 87A8EEBF23B03BE100B87ACE /* WatchListViewController.swift */; };
		87A8EEC223B03C1000B87ACE /* WatchListViewModel.swift in Sources */ = {isa = PBXBuildFile; fileRef = 87A8EEC123B03C1000B87ACE /* WatchListViewModel.swift */; };
		87CCF0EB23A9478000C29C4D /* AppDelegate.swift in Sources */ = {isa = PBXBuildFile; fileRef = 87CCF0EA23A9478000C29C4D /* AppDelegate.swift */; };
		87CCF0F423A9478200C29C4D /* Assets.xcassets in Resources */ = {isa = PBXBuildFile; fileRef = 87CCF0F323A9478200C29C4D /* Assets.xcassets */; };
		87CCF0F723A9478200C29C4D /* LaunchScreen.storyboard in Resources */ = {isa = PBXBuildFile; fileRef = 87CCF0F523A9478200C29C4D /* LaunchScreen.storyboard */; };
		87CCF10223A9478200C29C4D /* Cafe_BazaarTests.swift in Sources */ = {isa = PBXBuildFile; fileRef = 87CCF10123A9478200C29C4D /* Cafe_BazaarTests.swift */; };
/* End PBXBuildFile section */

/* Begin PBXContainerItemProxy section */
		87CCF0FE23A9478200C29C4D /* PBXContainerItemProxy */ = {
			isa = PBXContainerItemProxy;
			containerPortal = 87CCF0DF23A9478000C29C4D /* Project object */;
			proxyType = 1;
			remoteGlobalIDString = 87CCF0E623A9478000C29C4D;
			remoteInfo = "Cafe Bazaar";
		};
/* End PBXContainerItemProxy section */

/* Begin PBXFileReference section */
		8727CD4723AE9523002D35E7 /* Apis.swift */ = {isa = PBXFileReference; lastKnownFileType = sourcecode.swift; path = Apis.swift; sourceTree = "<group>"; };
		8727CD4C23AEA117002D35E7 /* ServiceConfig.swift */ = {isa = PBXFileReference; lastKnownFileType = sourcecode.swift; path = ServiceConfig.swift; sourceTree = "<group>"; };
		8727CD4E23AEA7E3002D35E7 /* TokenProvider.swift */ = {isa = PBXFileReference; lastKnownFileType = sourcecode.swift; path = TokenProvider.swift; sourceTree = "<group>"; };
		8727CD5123AEAF5A002D35E7 /* ImageCacher.swift */ = {isa = PBXFileReference; lastKnownFileType = sourcecode.swift; path = ImageCacher.swift; sourceTree = "<group>"; };
		8727CD5323AEB0D3002D35E7 /* ImageRequest.swift */ = {isa = PBXFileReference; lastKnownFileType = sourcecode.swift; path = ImageRequest.swift; sourceTree = "<group>"; };
		8727CD5523AEC67E002D35E7 /* Assets.swift */ = {isa = PBXFileReference; lastKnownFileType = sourcecode.swift; path = Assets.swift; sourceTree = "<group>"; };
		8746E8F223A95A3000F85A92 /* Container.swift */ = {isa = PBXFileReference; lastKnownFileType = sourcecode.swift; path = Container.swift; sourceTree = "<group>"; };
		8746E8F423A95A7C00F85A92 /* PopularPeople.swift */ = {isa = PBXFileReference; lastKnownFileType = sourcecode.swift; path = PopularPeople.swift; sourceTree = "<group>"; };
		8746E8F623A95A9000F85A92 /* KnownFor.swift */ = {isa = PBXFileReference; lastKnownFileType = sourcecode.swift; path = KnownFor.swift; sourceTree = "<group>"; };
		8746E8F823A95BEF00F85A92 /* Service.swift */ = {isa = PBXFileReference; lastKnownFileType = sourcecode.swift; path = Service.swift; sourceTree = "<group>"; };
		8746E8FA23A95C2D00F85A92 /* Request.swift */ = {isa = PBXFileReference; lastKnownFileType = sourcecode.swift; path = Request.swift; sourceTree = "<group>"; };
		8746E8FC23A95C3C00F85A92 /* URLRequestConvertible.swift */ = {isa = PBXFileReference; lastKnownFileType = sourcecode.swift; path = URLRequestConvertible.swift; sourceTree = "<group>"; };
		8746E8FE23A95C6A00F85A92 /* Cachable.swift */ = {isa = PBXFileReference; lastKnownFileType = sourcecode.swift; path = Cachable.swift; sourceTree = "<group>"; };
		8746E90023A95C7B00F85A92 /* RestError.swift */ = {isa = PBXFileReference; lastKnownFileType = sourcecode.swift; path = RestError.swift; sourceTree = "<group>"; };
		8746E90223A95C9E00F85A92 /* RestService.swift */ = {isa = PBXFileReference; lastKnownFileType = sourcecode.swift; path = RestService.swift; sourceTree = "<group>"; };
		8746E90423A95CBD00F85A92 /* Decoder+Encoder.swift */ = {isa = PBXFileReference; lastKnownFileType = sourcecode.swift; path = "Decoder+Encoder.swift"; sourceTree = "<group>"; };
		8746E90623A95CE200F85A92 /* Task.swift */ = {isa = PBXFileReference; lastKnownFileType = sourcecode.swift; path = Task.swift; sourceTree = "<group>"; };
		8746E90823A95CF400F85A92 /* SimpleTask.swift */ = {isa = PBXFileReference; lastKnownFileType = sourcecode.swift; path = SimpleTask.swift; sourceTree = "<group>"; };
		8746E90A23A95D3500F85A92 /* Mockable.swift */ = {isa = PBXFileReference; lastKnownFileType = sourcecode.swift; path = Mockable.swift; sourceTree = "<group>"; };
		8746E90D23A95D7100F85A92 /* PeopleRequest.swift */ = {isa = PBXFileReference; lastKnownFileType = sourcecode.swift; path = PeopleRequest.swift; sourceTree = "<group>"; };
		8746E90F23A95DE700F85A92 /* RequestBuilder.swift */ = {isa = PBXFileReference; lastKnownFileType = sourcecode.swift; path = RequestBuilder.swift; sourceTree = "<group>"; };
		8746E91123A95E6F00F85A92 /* TimeoutInterval.swift */ = {isa = PBXFileReference; lastKnownFileType = sourcecode.swift; path = TimeoutInterval.swift; sourceTree = "<group>"; };
		8746E91323A95EEA00F85A92 /* HTTPMethod.swift */ = {isa = PBXFileReference; lastKnownFileType = sourcecode.swift; path = HTTPMethod.swift; sourceTree = "<group>"; };
		8746E91523A9661400F85A92 /* Observable.swift */ = {isa = PBXFileReference; lastKnownFileType = sourcecode.swift; path = Observable.swift; sourceTree = "<group>"; };
		8746E91823A9798200F85A92 /* ObservableType.swift */ = {isa = PBXFileReference; lastKnownFileType = sourcecode.swift; path = ObservableType.swift; sourceTree = "<group>"; };
		8746E91A23A9799300F85A92 /* ObserverType.swift */ = {isa = PBXFileReference; lastKnownFileType = sourcecode.swift; path = ObserverType.swift; sourceTree = "<group>"; };
		8746E91C23A979A000F85A92 /* Observer.swift */ = {isa = PBXFileReference; lastKnownFileType = sourcecode.swift; path = Observer.swift; sourceTree = "<group>"; };
		8746E91E23A979AC00F85A92 /* AnyObserver.swift */ = {isa = PBXFileReference; lastKnownFileType = sourcecode.swift; path = AnyObserver.swift; sourceTree = "<group>"; };
		8746E92023A979B500F85A92 /* Disposable.swift */ = {isa = PBXFileReference; lastKnownFileType = sourcecode.swift; path = Disposable.swift; sourceTree = "<group>"; };
		8746E92223A979C000F85A92 /* DisposeBag.swift */ = {isa = PBXFileReference; lastKnownFileType = sourcecode.swift; path = DisposeBag.swift; sourceTree = "<group>"; };
		8746E92423A97A3100F85A92 /* Event.swift */ = {isa = PBXFileReference; lastKnownFileType = sourcecode.swift; path = Event.swift; sourceTree = "<group>"; };
		8746E92723A97ADE00F85A92 /* Reactive+Service.swift */ = {isa = PBXFileReference; lastKnownFileType = sourcecode.swift; path = "Reactive+Service.swift"; sourceTree = "<group>"; };
		874C595F23AB8610001A78D2 /* ReactiveTests.swift */ = {isa = PBXFileReference; lastKnownFileType = sourcecode.swift; path = ReactiveTests.swift; sourceTree = "<group>"; };
		874C596423AC083C001A78D2 /* DataStore.swift */ = {isa = PBXFileReference; lastKnownFileType = sourcecode.swift; path = DataStore.swift; sourceTree = "<group>"; };
		874C596623AC087F001A78D2 /* UserDefaultStore.swift */ = {isa = PBXFileReference; lastKnownFileType = sourcecode.swift; path = UserDefaultStore.swift; sourceTree = "<group>"; };
		874C596823AC08A0001A78D2 /* SecureStore.swift */ = {isa = PBXFileReference; lastKnownFileType = sourcecode.swift; path = SecureStore.swift; sourceTree = "<group>"; };
		876648EA23AACFD10083BD7E /* ServiceTest.swift */ = {isa = PBXFileReference; lastKnownFileType = sourcecode.swift; path = ServiceTest.swift; sourceTree = "<group>"; };
		876648EC23AB56D70083BD7E /* RequestBuilderTest.swift */ = {isa = PBXFileReference; lastKnownFileType = sourcecode.swift; path = RequestBuilderTest.swift; sourceTree = "<group>"; };
		8769741523ACDCA600F0E81A /* SecureStoreTest.swift */ = {isa = PBXFileReference; lastKnownFileType = sourcecode.swift; path = SecureStoreTest.swift; sourceTree = "<group>"; };
		8769741723ACDD0900F0E81A /* UserDefaultDataStore.swift */ = {isa = PBXFileReference; lastKnownFileType = sourcecode.swift; path = UserDefaultDataStore.swift; sourceTree = "<group>"; };
		8769741923AE7C7E00F0E81A /* DataStore+Ext.swift */ = {isa = PBXFileReference; lastKnownFileType = sourcecode.swift; path = "DataStore+Ext.swift"; sourceTree = "<group>"; };
		8769741D23AE801E00F0E81A /* AppCoordinator.swift */ = {isa = PBXFileReference; lastKnownFileType = sourcecode.swift; path = AppCoordinator.swift; sourceTree = "<group>"; };
		8769741F23AE80F300F0E81A /* PopularPeopleViewController.swift */ = {isa = PBXFileReference; lastKnownFileType = sourcecode.swift; path = PopularPeopleViewController.swift; sourceTree = "<group>"; };
		8769742023AE80F300F0E81A /* PopularPeopleViewController.xib */ = {isa = PBXFileReference; lastKnownFileType = file.xib; path = PopularPeopleViewController.xib; sourceTree = "<group>"; };
		8769742323AE810400F0E81A /* MovieDetailsViewModel.swift */ = {isa = PBXFileReference; lastKnownFileType = sourcecode.swift; path = MovieDetailsViewModel.swift; sourceTree = "<group>"; };
		8769742723AE85B800F0E81A /* PopularPeopleTableViewCell.swift */ = {isa = PBXFileReference; lastKnownFileType = sourcecode.swift; path = PopularPeopleTableViewCell.swift; sourceTree = "<group>"; };
		8769742823AE85B800F0E81A /* PopularPeopleTableViewCell.xib */ = {isa = PBXFileReference; lastKnownFileType = file.xib; path = PopularPeopleTableViewCell.xib; sourceTree = "<group>"; };
		8769742B23AE91C100F0E81A /* KnownForCollectionViewCell.swift */ = {isa = PBXFileReference; lastKnownFileType = sourcecode.swift; path = KnownForCollectionViewCell.swift; sourceTree = "<group>"; };
		8769742C23AE91C100F0E81A /* KnownForCollectionViewCell.xib */ = {isa = PBXFileReference; lastKnownFileType = file.xib; path = KnownForCollectionViewCell.xib; sourceTree = "<group>"; };
		878D744223B045AF0098662F /* WatchListViewController.xib */ = {isa = PBXFileReference; lastKnownFileType = file.xib; path = WatchListViewController.xib; sourceTree = "<group>"; };
		878D744523B127110098662F /* ImageView+Ext.swift */ = {isa = PBXFileReference; lastKnownFileType = sourcecode.swift; path = "ImageView+Ext.swift"; sourceTree = "<group>"; };
		87A8EEA823AFF32500B87ACE /* PeopleDetailsViewController.swift */ = {isa = PBXFileReference; lastKnownFileType = sourcecode.swift; path = PeopleDetailsViewController.swift; sourceTree = "<group>"; };
		87A8EEA923AFF32500B87ACE /* PeopleDetailsViewController.xib */ = {isa = PBXFileReference; lastKnownFileType = file.xib; path = PeopleDetailsViewController.xib; sourceTree = "<group>"; };
		87A8EEAC23AFFB8700B87ACE /* People.swift */ = {isa = PBXFileReference; lastKnownFileType = sourcecode.swift; path = People.swift; sourceTree = "<group>"; };
		87A8EEAE23B0249F00B87ACE /* PeopleDetailsViewModel.swift */ = {isa = PBXFileReference; lastKnownFileType = sourcecode.swift; path = PeopleDetailsViewModel.swift; sourceTree = "<group>"; };
		87A8EEB023B027D800B87ACE /* Presistent.swift */ = {isa = PBXFileReference; lastKnownFileType = sourcecode.swift; path = Presistent.swift; sourceTree = "<group>"; };
		87A8EEB323B0310C00B87ACE /* MovieDetailsViewController.swift */ = {isa = PBXFileReference; lastKnownFileType = sourcecode.swift; path = MovieDetailsViewController.swift; sourceTree = "<group>"; };
		87A8EEB423B0310C00B87ACE /* MovieDetailsViewController.xib */ = {isa = PBXFileReference; lastKnownFileType = file.xib; path = MovieDetailsViewController.xib; sourceTree = "<group>"; };
		87A8EEB623B0313500B87ACE /* ViewModelHolder.swift */ = {isa = PBXFileReference; lastKnownFileType = sourcecode.swift; path = ViewModelHolder.swift; sourceTree = "<group>"; };
		87A8EEB823B0315F00B87ACE /* PopularPeopleViewModel copy.swift */ = {isa = PBXFileReference; lastKnownFileType = sourcecode.swift; path = "PopularPeopleViewModel copy.swift"; sourceTree = "<group>"; };
		87A8EEBA23B031A600B87ACE /* ModelFillable.swift */ = {isa = PBXFileReference; lastKnownFileType = sourcecode.swift; path = ModelFillable.swift; sourceTree = "<group>"; };
		87A8EEBF23B03BE100B87ACE /* WatchListViewController.swift */ = {isa = PBXFileReference; lastKnownFileType = sourcecode.swift; path = WatchListViewController.swift; sourceTree = "<group>"; };
		87A8EEC123B03C1000B87ACE /* WatchListViewModel.swift */ = {isa = PBXFileReference; lastKnownFileType = sourcecode.swift; path = WatchListViewModel.swift; sourceTree = "<group>"; };
		87CCF0E723A9478000C29C4D /* Cafe Bazaar.app */ = {isa = PBXFileReference; explicitFileType = wrapper.application; includeInIndex = 0; path = "Cafe Bazaar.app"; sourceTree = BUILT_PRODUCTS_DIR; };
		87CCF0EA23A9478000C29C4D /* AppDelegate.swift */ = {isa = PBXFileReference; lastKnownFileType = sourcecode.swift; path = AppDelegate.swift; sourceTree = "<group>"; };
		87CCF0F323A9478200C29C4D /* Assets.xcassets */ = {isa = PBXFileReference; lastKnownFileType = folder.assetcatalog; path = Assets.xcassets; sourceTree = "<group>"; };
		87CCF0F623A9478200C29C4D /* Base */ = {isa = PBXFileReference; lastKnownFileType = file.storyboard; name = Base; path = Base.lproj/LaunchScreen.storyboard; sourceTree = "<group>"; };
		87CCF0F823A9478200C29C4D /* Info.plist */ = {isa = PBXFileReference; lastKnownFileType = text.plist.xml; path = Info.plist; sourceTree = "<group>"; };
		87CCF0FD23A9478200C29C4D /* Cafe BazaarTests.xctest */ = {isa = PBXFileReference; explicitFileType = wrapper.cfbundle; includeInIndex = 0; path = "Cafe BazaarTests.xctest"; sourceTree = BUILT_PRODUCTS_DIR; };
		87CCF10123A9478200C29C4D /* Cafe_BazaarTests.swift */ = {isa = PBXFileReference; lastKnownFileType = sourcecode.swift; path = Cafe_BazaarTests.swift; sourceTree = "<group>"; };
		87CCF10323A9478200C29C4D /* Info.plist */ = {isa = PBXFileReference; lastKnownFileType = text.plist.xml; path = Info.plist; sourceTree = "<group>"; };
/* End PBXFileReference section */

/* Begin PBXFrameworksBuildPhase section */
		87CCF0E423A9478000C29C4D /* Frameworks */ = {
			isa = PBXFrameworksBuildPhase;
			buildActionMask = 2147483647;
			files = (
			);
			runOnlyForDeploymentPostprocessing = 0;
		};
		87CCF0FA23A9478200C29C4D /* Frameworks */ = {
			isa = PBXFrameworksBuildPhase;
			buildActionMask = 2147483647;
			files = (
			);
			runOnlyForDeploymentPostprocessing = 0;
		};
/* End PBXFrameworksBuildPhase section */

/* Begin PBXGroup section */
		8727CD4B23AEA106002D35E7 /* Configs */ = {
			isa = PBXGroup;
			children = (
				8727CD4C23AEA117002D35E7 /* ServiceConfig.swift */,
				8727CD4E23AEA7E3002D35E7 /* TokenProvider.swift */,
				8727CD5523AEC67E002D35E7 /* Assets.swift */,
			);
			path = Configs;
			sourceTree = "<group>";
		};
		8727CD5023AEAF49002D35E7 /* ImageCacher */ = {
			isa = PBXGroup;
			children = (
				8727CD5323AEB0D3002D35E7 /* ImageRequest.swift */,
				8727CD5123AEAF5A002D35E7 /* ImageCacher.swift */,
				878D744523B127110098662F /* ImageView+Ext.swift */,
			);
			path = ImageCacher;
			sourceTree = "<group>";
		};
		8746E90C23A95D5100F85A92 /* Requests */ = {
			isa = PBXGroup;
			children = (
				8746E90D23A95D7100F85A92 /* PeopleRequest.swift */,
				8727CD4723AE9523002D35E7 /* Apis.swift */,
			);
			path = Requests;
			sourceTree = "<group>";
		};
		8746E91723A9797100F85A92 /* Reactive */ = {
			isa = PBXGroup;
			children = (
				8746E91523A9661400F85A92 /* Observable.swift */,
				8746E91823A9798200F85A92 /* ObservableType.swift */,
				8746E91A23A9799300F85A92 /* ObserverType.swift */,
				8746E91C23A979A000F85A92 /* Observer.swift */,
				8746E91E23A979AC00F85A92 /* AnyObserver.swift */,
				8746E92023A979B500F85A92 /* Disposable.swift */,
				8746E92223A979C000F85A92 /* DisposeBag.swift */,
				8746E92423A97A3100F85A92 /* Event.swift */,
			);
			path = Reactive;
			sourceTree = "<group>";
		};
		8746E92623A97AC600F85A92 /* Service */ = {
			isa = PBXGroup;
			children = (
				8746E8F823A95BEF00F85A92 /* Service.swift */,
				8746E8FA23A95C2D00F85A92 /* Request.swift */,
				8746E8FC23A95C3C00F85A92 /* URLRequestConvertible.swift */,
				8746E8FE23A95C6A00F85A92 /* Cachable.swift */,
				8746E90023A95C7B00F85A92 /* RestError.swift */,
				8746E90223A95C9E00F85A92 /* RestService.swift */,
				8746E90423A95CBD00F85A92 /* Decoder+Encoder.swift */,
				8746E90623A95CE200F85A92 /* Task.swift */,
				8746E90823A95CF400F85A92 /* SimpleTask.swift */,
				8746E90A23A95D3500F85A92 /* Mockable.swift */,
				8746E90F23A95DE700F85A92 /* RequestBuilder.swift */,
				8746E91123A95E6F00F85A92 /* TimeoutInterval.swift */,
				8746E91323A95EEA00F85A92 /* HTTPMethod.swift */,
				8746E92723A97ADE00F85A92 /* Reactive+Service.swift */,
			);
			path = Service;
			sourceTree = "<group>";
		};
		874C596123ABF5F2001A78D2 /* Utils */ = {
			isa = PBXGroup;
			children = (
				874C596423AC083C001A78D2 /* DataStore.swift */,
				874C596623AC087F001A78D2 /* UserDefaultStore.swift */,
				874C596823AC08A0001A78D2 /* SecureStore.swift */,
				8769741923AE7C7E00F0E81A /* DataStore+Ext.swift */,
				87A8EEB023B027D800B87ACE /* Presistent.swift */,
			);
			path = Utils;
			sourceTree = "<group>";
		};
		8769742523AE857900F0E81A /* PopularPeople */ = {
			isa = PBXGroup;
			children = (
				8769742623AE858F00F0E81A /* Views */,
				8769741F23AE80F300F0E81A /* PopularPeopleViewController.swift */,
				8769742023AE80F300F0E81A /* PopularPeopleViewController.xib */,
			);
			path = PopularPeople;
			sourceTree = "<group>";
		};
		8769742623AE858F00F0E81A /* Views */ = {
			isa = PBXGroup;
			children = (
				8769742723AE85B800F0E81A /* PopularPeopleTableViewCell.swift */,
				8769742823AE85B800F0E81A /* PopularPeopleTableViewCell.xib */,
				8769742B23AE91C100F0E81A /* KnownForCollectionViewCell.swift */,
				8769742C23AE91C100F0E81A /* KnownForCollectionViewCell.xib */,
			);
			path = Views;
			sourceTree = "<group>";
		};
		87A8EEA723AFF2FB00B87ACE /* PeopleDetails */ = {
			isa = PBXGroup;
			children = (
				87A8EEA823AFF32500B87ACE /* PeopleDetailsViewController.swift */,
				87A8EEA923AFF32500B87ACE /* PeopleDetailsViewController.xib */,
			);
			path = PeopleDetails;
			sourceTree = "<group>";
		};
		87A8EEB223B030FA00B87ACE /* MovieDetails */ = {
			isa = PBXGroup;
			children = (
				87A8EEB323B0310C00B87ACE /* MovieDetailsViewController.swift */,
				87A8EEB423B0310C00B87ACE /* MovieDetailsViewController.xib */,
			);
			path = MovieDetails;
			sourceTree = "<group>";
		};
		87A8EEB523B0312600B87ACE /* Arch */ = {
			isa = PBXGroup;
			children = (
				87A8EEB623B0313500B87ACE /* ViewModelHolder.swift */,
				87A8EEBA23B031A600B87ACE /* ModelFillable.swift */,
			);
			path = Arch;
			sourceTree = "<group>";
		};
		87A8EEBE23B03BB800B87ACE /* WatchList */ = {
			isa = PBXGroup;
			children = (
				87A8EEBF23B03BE100B87ACE /* WatchListViewController.swift */,
				878D744223B045AF0098662F /* WatchListViewController.xib */,
			);
			path = WatchList;
			sourceTree = "<group>";
		};
		87CCF0DE23A9478000C29C4D = {
			isa = PBXGroup;
			children = (
				87CCF0E923A9478000C29C4D /* Cafe Bazaar */,
				87CCF10023A9478200C29C4D /* Cafe BazaarTests */,
				87CCF0E823A9478000C29C4D /* Products */,
			);
			sourceTree = "<group>";
		};
		87CCF0E823A9478000C29C4D /* Products */ = {
			isa = PBXGroup;
			children = (
				87CCF0E723A9478000C29C4D /* Cafe Bazaar.app */,
				87CCF0FD23A9478200C29C4D /* Cafe BazaarTests.xctest */,
			);
			name = Products;
			sourceTree = "<group>";
		};
		87CCF0E923A9478000C29C4D /* Cafe Bazaar */ = {
			isa = PBXGroup;
			children = (
				8727CD4B23AEA106002D35E7 /* Configs */,
				87CCF11023A954F700C29C4D /* Core */,
				87CCF10F23A954F200C29C4D /* Models */,
				87CCF10C23A954CA00C29C4D /* Coordinators */,
				8746E90C23A95D5100F85A92 /* Requests */,
				87CCF10E23A954EB00C29C4D /* ViewModels */,
				87CCF10D23A954D200C29C4D /* ViewControllers */,
				87CCF0EA23A9478000C29C4D /* AppDelegate.swift */,
				87CCF0F323A9478200C29C4D /* Assets.xcassets */,
				87CCF0F523A9478200C29C4D /* LaunchScreen.storyboard */,
				87CCF0F823A9478200C29C4D /* Info.plist */,
			);
			path = "Cafe Bazaar";
			sourceTree = "<group>";
		};
		87CCF10023A9478200C29C4D /* Cafe BazaarTests */ = {
			isa = PBXGroup;
			children = (
				87CCF10123A9478200C29C4D /* Cafe_BazaarTests.swift */,
				87CCF10323A9478200C29C4D /* Info.plist */,
				876648EA23AACFD10083BD7E /* ServiceTest.swift */,
				876648EC23AB56D70083BD7E /* RequestBuilderTest.swift */,
				874C595F23AB8610001A78D2 /* ReactiveTests.swift */,
				8769741523ACDCA600F0E81A /* SecureStoreTest.swift */,
				8769741723ACDD0900F0E81A /* UserDefaultDataStore.swift */,
			);
			path = "Cafe BazaarTests";
			sourceTree = "<group>";
		};
		87CCF10C23A954CA00C29C4D /* Coordinators */ = {
			isa = PBXGroup;
			children = (
				8769741D23AE801E00F0E81A /* AppCoordinator.swift */,
			);
			path = Coordinators;
			sourceTree = "<group>";
		};
		87CCF10D23A954D200C29C4D /* ViewControllers */ = {
			isa = PBXGroup;
			children = (
				87A8EEBE23B03BB800B87ACE /* WatchList */,
				87A8EEB223B030FA00B87ACE /* MovieDetails */,
				87A8EEA723AFF2FB00B87ACE /* PeopleDetails */,
				8769742523AE857900F0E81A /* PopularPeople */,
			);
			path = ViewControllers;
			sourceTree = "<group>";
		};
		87CCF10E23A954EB00C29C4D /* ViewModels */ = {
			isa = PBXGroup;
			children = (
				8769742323AE810400F0E81A /* MovieDetailsViewModel.swift */,
				87A8EEC123B03C1000B87ACE /* WatchListViewModel.swift */,
				87A8EEB823B0315F00B87ACE /* PopularPeopleViewModel copy.swift */,
				87A8EEAE23B0249F00B87ACE /* PeopleDetailsViewModel.swift */,
			);
			path = ViewModels;
			sourceTree = "<group>";
		};
		87CCF10F23A954F200C29C4D /* Models */ = {
			isa = PBXGroup;
			children = (
				8746E8F223A95A3000F85A92 /* Container.swift */,
				8746E8F423A95A7C00F85A92 /* PopularPeople.swift */,
				8746E8F623A95A9000F85A92 /* KnownFor.swift */,
				87A8EEAC23AFFB8700B87ACE /* People.swift */,
			);
			path = Models;
			sourceTree = "<group>";
		};
		87CCF11023A954F700C29C4D /* Core */ = {
			isa = PBXGroup;
			children = (
				87A8EEB523B0312600B87ACE /* Arch */,
				8727CD5023AEAF49002D35E7 /* ImageCacher */,
				874C596123ABF5F2001A78D2 /* Utils */,
				8746E92623A97AC600F85A92 /* Service */,
				8746E91723A9797100F85A92 /* Reactive */,
			);
			path = Core;
			sourceTree = "<group>";
		};
/* End PBXGroup section */

/* Begin PBXNativeTarget section */
		87CCF0E623A9478000C29C4D /* Cafe Bazaar */ = {
			isa = PBXNativeTarget;
			buildConfigurationList = 87CCF10623A9478200C29C4D /* Build configuration list for PBXNativeTarget "Cafe Bazaar" */;
			buildPhases = (
				87CCF0E323A9478000C29C4D /* Sources */,
				87CCF0E423A9478000C29C4D /* Frameworks */,
				87CCF0E523A9478000C29C4D /* Resources */,
			);
			buildRules = (
			);
			dependencies = (
			);
			name = "Cafe Bazaar";
			productName = "Cafe Bazaar";
			productReference = 87CCF0E723A9478000C29C4D /* Cafe Bazaar.app */;
			productType = "com.apple.product-type.application";
		};
		87CCF0FC23A9478200C29C4D /* Cafe BazaarTests */ = {
			isa = PBXNativeTarget;
			buildConfigurationList = 87CCF10923A9478200C29C4D /* Build configuration list for PBXNativeTarget "Cafe BazaarTests" */;
			buildPhases = (
				87CCF0F923A9478200C29C4D /* Sources */,
				87CCF0FA23A9478200C29C4D /* Frameworks */,
				87CCF0FB23A9478200C29C4D /* Resources */,
			);
			buildRules = (
			);
			dependencies = (
				87CCF0FF23A9478200C29C4D /* PBXTargetDependency */,
			);
			name = "Cafe BazaarTests";
			productName = "Cafe BazaarTests";
			productReference = 87CCF0FD23A9478200C29C4D /* Cafe BazaarTests.xctest */;
			productType = "com.apple.product-type.bundle.unit-test";
		};
/* End PBXNativeTarget section */

/* Begin PBXProject section */
		87CCF0DF23A9478000C29C4D /* Project object */ = {
			isa = PBXProject;
			attributes = {
				LastSwiftUpdateCheck = 1130;
				LastUpgradeCheck = 1130;
				ORGANIZATIONNAME = "Farshad Jahanmanesh";
				TargetAttributes = {
					87CCF0E623A9478000C29C4D = {
						CreatedOnToolsVersion = 11.3;
					};
					87CCF0FC23A9478200C29C4D = {
						CreatedOnToolsVersion = 11.3;
						TestTargetID = 87CCF0E623A9478000C29C4D;
					};
				};
			};
			buildConfigurationList = 87CCF0E223A9478000C29C4D /* Build configuration list for PBXProject "Cafe Bazaar" */;
			compatibilityVersion = "Xcode 9.3";
			developmentRegion = en;
			hasScannedForEncodings = 0;
			knownRegions = (
				en,
				Base,
			);
			mainGroup = 87CCF0DE23A9478000C29C4D;
			productRefGroup = 87CCF0E823A9478000C29C4D /* Products */;
			projectDirPath = "";
			projectRoot = "";
			targets = (
				87CCF0E623A9478000C29C4D /* Cafe Bazaar */,
				87CCF0FC23A9478200C29C4D /* Cafe BazaarTests */,
			);
		};
/* End PBXProject section */

/* Begin PBXResourcesBuildPhase section */
		87CCF0E523A9478000C29C4D /* Resources */ = {
			isa = PBXResourcesBuildPhase;
			buildActionMask = 2147483647;
			files = (
				87CCF0F723A9478200C29C4D /* LaunchScreen.storyboard in Resources */,
				87CCF0F423A9478200C29C4D /* Assets.xcassets in Resources */,
				8769742E23AE91C100F0E81A /* KnownForCollectionViewCell.xib in Resources */,
				878D744323B045AF0098662F /* WatchListViewController.xib in Resources */,
				87A8EEBD23B037E400B87ACE /* MovieDetailsViewController.xib in Resources */,
				87A8EEAB23AFF32500B87ACE /* PeopleDetailsViewController.xib in Resources */,
				8769742A23AE85B800F0E81A /* PopularPeopleTableViewCell.xib in Resources */,
				8769742223AE80F300F0E81A /* PopularPeopleViewController.xib in Resources */,
			);
			runOnlyForDeploymentPostprocessing = 0;
		};
		87CCF0FB23A9478200C29C4D /* Resources */ = {
			isa = PBXResourcesBuildPhase;
			buildActionMask = 2147483647;
			files = (
			);
			runOnlyForDeploymentPostprocessing = 0;
		};
/* End PBXResourcesBuildPhase section */

/* Begin PBXSourcesBuildPhase section */
		87CCF0E323A9478000C29C4D /* Sources */ = {
			isa = PBXSourcesBuildPhase;
			buildActionMask = 2147483647;
			files = (
				8769742D23AE91C100F0E81A /* KnownForCollectionViewCell.swift in Sources */,
				874C596923AC08A0001A78D2 /* SecureStore.swift in Sources */,
				8746E91423A95EEA00F85A92 /* HTTPMethod.swift in Sources */,
				8769741E23AE801E00F0E81A /* AppCoordinator.swift in Sources */,
				8769742423AE810400F0E81A /* MovieDetailsViewModel.swift in Sources */,
				8727CD4D23AEA117002D35E7 /* ServiceConfig.swift in Sources */,
				8746E91D23A979A000F85A92 /* Observer.swift in Sources */,
				8746E92323A979C000F85A92 /* DisposeBag.swift in Sources */,
				8746E91223A95E6F00F85A92 /* TimeoutInterval.swift in Sources */,
				8746E90923A95CF400F85A92 /* SimpleTask.swift in Sources */,
				8727CD5223AEAF5A002D35E7 /* ImageCacher.swift in Sources */,
				87A8EEB123B027D800B87ACE /* Presistent.swift in Sources */,
				8746E8FB23A95C2D00F85A92 /* Request.swift in Sources */,
				8746E91023A95DE700F85A92 /* RequestBuilder.swift in Sources */,
				8746E92123A979B500F85A92 /* Disposable.swift in Sources */,
				8746E90123A95C7B00F85A92 /* RestError.swift in Sources */,
				8746E90E23A95D7100F85A92 /* PeopleRequest.swift in Sources */,
				8769742123AE80F300F0E81A /* PopularPeopleViewController.swift in Sources */,
				8746E90523A95CBD00F85A92 /* Decoder+Encoder.swift in Sources */,
				8746E92523A97A3100F85A92 /* Event.swift in Sources */,
				87A8EEC223B03C1000B87ACE /* WatchListViewModel.swift in Sources */,
				87A8EEAD23AFFB8700B87ACE /* People.swift in Sources */,
				874C596523AC083C001A78D2 /* DataStore.swift in Sources */,
				874C596723AC087F001A78D2 /* UserDefaultStore.swift in Sources */,
				8727CD4F23AEA7E3002D35E7 /* TokenProvider.swift in Sources */,
				8746E8FF23A95C6A00F85A92 /* Cachable.swift in Sources */,
				87A8EEC023B03BE100B87ACE /* WatchListViewController.swift in Sources */,
				8727CD4823AE9523002D35E7 /* Apis.swift in Sources */,
				8746E91923A9798200F85A92 /* ObservableType.swift in Sources */,
				8746E91623A9661400F85A92 /* Observable.swift in Sources */,
				878D744623B127110098662F /* ImageView+Ext.swift in Sources */,
				8746E8F923A95BEF00F85A92 /* Service.swift in Sources */,
				87A8EEAF23B0249F00B87ACE /* PeopleDetailsViewModel.swift in Sources */,
				8746E90B23A95D3500F85A92 /* Mockable.swift in Sources */,
				8746E8FD23A95C3C00F85A92 /* URLRequestConvertible.swift in Sources */,
				8727CD5423AEB0D3002D35E7 /* ImageRequest.swift in Sources */,
				8746E8F523A95A7C00F85A92 /* PopularPeople.swift in Sources */,
				87A8EEB923B0316000B87ACE /* PopularPeopleViewModel copy.swift in Sources */,
				87A8EEBB23B031A600B87ACE /* ModelFillable.swift in Sources */,
				8746E91F23A979AC00F85A92 /* AnyObserver.swift in Sources */,
				8727CD5623AEC67E002D35E7 /* Assets.swift in Sources */,
				8769742923AE85B800F0E81A /* PopularPeopleTableViewCell.swift in Sources */,
				87CCF0EB23A9478000C29C4D /* AppDelegate.swift in Sources */,
				8746E8F723A95A9000F85A92 /* KnownFor.swift in Sources */,
				8746E8F323A95A3000F85A92 /* Container.swift in Sources */,
				8746E90723A95CE300F85A92 /* Task.swift in Sources */,
				87A8EEB723B0313500B87ACE /* ViewModelHolder.swift in Sources */,
				8746E92823A97ADE00F85A92 /* Reactive+Service.swift in Sources */,
				8746E91B23A9799300F85A92 /* ObserverType.swift in Sources */,
				87A8EEAA23AFF32500B87ACE /* PeopleDetailsViewController.swift in Sources */,
				8769741A23AE7C7E00F0E81A /* DataStore+Ext.swift in Sources */,
				8746E90323A95C9E00F85A92 /* RestService.swift in Sources */,
				87A8EEBC23B0361500B87ACE /* MovieDetailsViewController.swift in Sources */,
			);
			runOnlyForDeploymentPostprocessing = 0;
		};
		87CCF0F923A9478200C29C4D /* Sources */ = {
			isa = PBXSourcesBuildPhase;
			buildActionMask = 2147483647;
			files = (
				8769741823ACDD0900F0E81A /* UserDefaultDataStore.swift in Sources */,
				874C596023AB8610001A78D2 /* ReactiveTests.swift in Sources */,
				876648ED23AB56D70083BD7E /* RequestBuilderTest.swift in Sources */,
				8769741623ACDCA600F0E81A /* SecureStoreTest.swift in Sources */,
				87CCF10223A9478200C29C4D /* Cafe_BazaarTests.swift in Sources */,
				876648EB23AACFD10083BD7E /* ServiceTest.swift in Sources */,
			);
			runOnlyForDeploymentPostprocessing = 0;
		};
/* End PBXSourcesBuildPhase section */

/* Begin PBXTargetDependency section */
		87CCF0FF23A9478200C29C4D /* PBXTargetDependency */ = {
			isa = PBXTargetDependency;
			target = 87CCF0E623A9478000C29C4D /* Cafe Bazaar */;
			targetProxy = 87CCF0FE23A9478200C29C4D /* PBXContainerItemProxy */;
		};
/* End PBXTargetDependency section */

/* Begin PBXVariantGroup section */
		87CCF0F523A9478200C29C4D /* LaunchScreen.storyboard */ = {
			isa = PBXVariantGroup;
			children = (
				87CCF0F623A9478200C29C4D /* Base */,
			);
			name = LaunchScreen.storyboard;
			sourceTree = "<group>";
		};
/* End PBXVariantGroup section */

/* Begin XCBuildConfiguration section */
		87CCF10423A9478200C29C4D /* Debug */ = {
			isa = XCBuildConfiguration;
			buildSettings = {
				ALWAYS_SEARCH_USER_PATHS = NO;
				CLANG_ANALYZER_NONNULL = YES;
				CLANG_ANALYZER_NUMBER_OBJECT_CONVERSION = YES_AGGRESSIVE;
				CLANG_CXX_LANGUAGE_STANDARD = "gnu++14";
				CLANG_CXX_LIBRARY = "libc++";
				CLANG_ENABLE_MODULES = YES;
				CLANG_ENABLE_OBJC_ARC = YES;
				CLANG_ENABLE_OBJC_WEAK = YES;
				CLANG_WARN_BLOCK_CAPTURE_AUTORELEASING = YES;
				CLANG_WARN_BOOL_CONVERSION = YES;
				CLANG_WARN_COMMA = YES;
				CLANG_WARN_CONSTANT_CONVERSION = YES;
				CLANG_WARN_DEPRECATED_OBJC_IMPLEMENTATIONS = YES;
				CLANG_WARN_DIRECT_OBJC_ISA_USAGE = YES_ERROR;
				CLANG_WARN_DOCUMENTATION_COMMENTS = YES;
				CLANG_WARN_EMPTY_BODY = YES;
				CLANG_WARN_ENUM_CONVERSION = YES;
				CLANG_WARN_INFINITE_RECURSION = YES;
				CLANG_WARN_INT_CONVERSION = YES;
				CLANG_WARN_NON_LITERAL_NULL_CONVERSION = YES;
				CLANG_WARN_OBJC_IMPLICIT_RETAIN_SELF = YES;
				CLANG_WARN_OBJC_LITERAL_CONVERSION = YES;
				CLANG_WARN_OBJC_ROOT_CLASS = YES_ERROR;
				CLANG_WARN_RANGE_LOOP_ANALYSIS = YES;
				CLANG_WARN_STRICT_PROTOTYPES = YES;
				CLANG_WARN_SUSPICIOUS_MOVE = YES;
				CLANG_WARN_UNGUARDED_AVAILABILITY = YES_AGGRESSIVE;
				CLANG_WARN_UNREACHABLE_CODE = YES;
				CLANG_WARN__DUPLICATE_METHOD_MATCH = YES;
				COPY_PHASE_STRIP = NO;
				DEBUG_INFORMATION_FORMAT = dwarf;
				ENABLE_STRICT_OBJC_MSGSEND = YES;
				ENABLE_TESTABILITY = YES;
				GCC_C_LANGUAGE_STANDARD = gnu11;
				GCC_DYNAMIC_NO_PIC = NO;
				GCC_NO_COMMON_BLOCKS = YES;
				GCC_OPTIMIZATION_LEVEL = 0;
				GCC_PREPROCESSOR_DEFINITIONS = (
					"DEBUG=1",
					"$(inherited)",
				);
				GCC_WARN_64_TO_32_BIT_CONVERSION = YES;
				GCC_WARN_ABOUT_RETURN_TYPE = YES_ERROR;
				GCC_WARN_UNDECLARED_SELECTOR = YES;
				GCC_WARN_UNINITIALIZED_AUTOS = YES_AGGRESSIVE;
				GCC_WARN_UNUSED_FUNCTION = YES;
				GCC_WARN_UNUSED_VARIABLE = YES;
				IPHONEOS_DEPLOYMENT_TARGET = 10.0;
				MTL_ENABLE_DEBUG_INFO = INCLUDE_SOURCE;
				MTL_FAST_MATH = YES;
				ONLY_ACTIVE_ARCH = YES;
				SDKROOT = iphoneos;
				SWIFT_ACTIVE_COMPILATION_CONDITIONS = DEBUG;
				SWIFT_OPTIMIZATION_LEVEL = "-Onone";
			};
			name = Debug;
		};
		87CCF10523A9478200C29C4D /* Release */ = {
			isa = XCBuildConfiguration;
			buildSettings = {
				ALWAYS_SEARCH_USER_PATHS = NO;
				CLANG_ANALYZER_NONNULL = YES;
				CLANG_ANALYZER_NUMBER_OBJECT_CONVERSION = YES_AGGRESSIVE;
				CLANG_CXX_LANGUAGE_STANDARD = "gnu++14";
				CLANG_CXX_LIBRARY = "libc++";
				CLANG_ENABLE_MODULES = YES;
				CLANG_ENABLE_OBJC_ARC = YES;
				CLANG_ENABLE_OBJC_WEAK = YES;
				CLANG_WARN_BLOCK_CAPTURE_AUTORELEASING = YES;
				CLANG_WARN_BOOL_CONVERSION = YES;
				CLANG_WARN_COMMA = YES;
				CLANG_WARN_CONSTANT_CONVERSION = YES;
				CLANG_WARN_DEPRECATED_OBJC_IMPLEMENTATIONS = YES;
				CLANG_WARN_DIRECT_OBJC_ISA_USAGE = YES_ERROR;
				CLANG_WARN_DOCUMENTATION_COMMENTS = YES;
				CLANG_WARN_EMPTY_BODY = YES;
				CLANG_WARN_ENUM_CONVERSION = YES;
				CLANG_WARN_INFINITE_RECURSION = YES;
				CLANG_WARN_INT_CONVERSION = YES;
				CLANG_WARN_NON_LITERAL_NULL_CONVERSION = YES;
				CLANG_WARN_OBJC_IMPLICIT_RETAIN_SELF = YES;
				CLANG_WARN_OBJC_LITERAL_CONVERSION = YES;
				CLANG_WARN_OBJC_ROOT_CLASS = YES_ERROR;
				CLANG_WARN_RANGE_LOOP_ANALYSIS = YES;
				CLANG_WARN_STRICT_PROTOTYPES = YES;
				CLANG_WARN_SUSPICIOUS_MOVE = YES;
				CLANG_WARN_UNGUARDED_AVAILABILITY = YES_AGGRESSIVE;
				CLANG_WARN_UNREACHABLE_CODE = YES;
				CLANG_WARN__DUPLICATE_METHOD_MATCH = YES;
				COPY_PHASE_STRIP = NO;
				DEBUG_INFORMATION_FORMAT = "dwarf-with-dsym";
				ENABLE_NS_ASSERTIONS = NO;
				ENABLE_STRICT_OBJC_MSGSEND = YES;
				GCC_C_LANGUAGE_STANDARD = gnu11;
				GCC_NO_COMMON_BLOCKS = YES;
				GCC_WARN_64_TO_32_BIT_CONVERSION = YES;
				GCC_WARN_ABOUT_RETURN_TYPE = YES_ERROR;
				GCC_WARN_UNDECLARED_SELECTOR = YES;
				GCC_WARN_UNINITIALIZED_AUTOS = YES_AGGRESSIVE;
				GCC_WARN_UNUSED_FUNCTION = YES;
				GCC_WARN_UNUSED_VARIABLE = YES;
				IPHONEOS_DEPLOYMENT_TARGET = 10.0;
				MTL_ENABLE_DEBUG_INFO = NO;
				MTL_FAST_MATH = YES;
				SDKROOT = iphoneos;
				SWIFT_COMPILATION_MODE = wholemodule;
				SWIFT_OPTIMIZATION_LEVEL = "-O";
				VALIDATE_PRODUCT = YES;
			};
			name = Release;
		};
		87CCF10723A9478200C29C4D /* Debug */ = {
			isa = XCBuildConfiguration;
			buildSettings = {
				ASSETCATALOG_COMPILER_APPICON_NAME = AppIcon;
				CODE_SIGN_STYLE = Automatic;
				DEVELOPMENT_TEAM = 6Q4W97Z9XN;
				INFOPLIST_FILE = "Cafe Bazaar/Info.plist";
				LD_RUNPATH_SEARCH_PATHS = (
					"$(inherited)",
					"@executable_path/Frameworks",
				);
				PRODUCT_BUNDLE_IDENTIFIER = "com.farshadjahanmanesh.Cafe-Bazaar";
				PRODUCT_NAME = "$(TARGET_NAME)";
				SWIFT_VERSION = 5.0;
				TARGETED_DEVICE_FAMILY = 1;
			};
			name = Debug;
		};
		87CCF10823A9478200C29C4D /* Release */ = {
			isa = XCBuildConfiguration;
			buildSettings = {
				ASSETCATALOG_COMPILER_APPICON_NAME = AppIcon;
				CODE_SIGN_STYLE = Automatic;
				DEVELOPMENT_TEAM = 6Q4W97Z9XN;
				INFOPLIST_FILE = "Cafe Bazaar/Info.plist";
				LD_RUNPATH_SEARCH_PATHS = (
					"$(inherited)",
					"@executable_path/Frameworks",
				);
				PRODUCT_BUNDLE_IDENTIFIER = "com.farshadjahanmanesh.Cafe-Bazaar";
				PRODUCT_NAME = "$(TARGET_NAME)";
				SWIFT_VERSION = 5.0;
				TARGETED_DEVICE_FAMILY = 1;
			};
			name = Release;
		};
		87CCF10A23A9478200C29C4D /* Debug */ = {
			isa = XCBuildConfiguration;
			buildSettings = {
				ALWAYS_EMBED_SWIFT_STANDARD_LIBRARIES = YES;
				BUNDLE_LOADER = "$(TEST_HOST)";
				CODE_SIGN_STYLE = Automatic;
				DEVELOPMENT_TEAM = 6Q4W97Z9XN;
				INFOPLIST_FILE = "Cafe BazaarTests/Info.plist";
				IPHONEOS_DEPLOYMENT_TARGET = 13.2;
				LD_RUNPATH_SEARCH_PATHS = (
					"$(inherited)",
					"@executable_path/Frameworks",
					"@loader_path/Frameworks",
				);
				PRODUCT_BUNDLE_IDENTIFIER = "com.farshadjahanmanesh.Cafe-BazaarTests";
				PRODUCT_NAME = "$(TARGET_NAME)";
				SWIFT_VERSION = 5.0;
				TARGETED_DEVICE_FAMILY = "1,2";
				TEST_HOST = "$(BUILT_PRODUCTS_DIR)/Cafe Bazaar.app/Cafe Bazaar";
			};
			name = Debug;
		};
		87CCF10B23A9478200C29C4D /* Release */ = {
			isa = XCBuildConfiguration;
			buildSettings = {
				ALWAYS_EMBED_SWIFT_STANDARD_LIBRARIES = YES;
				BUNDLE_LOADER = "$(TEST_HOST)";
				CODE_SIGN_STYLE = Automatic;
				DEVELOPMENT_TEAM = 6Q4W97Z9XN;
				INFOPLIST_FILE = "Cafe BazaarTests/Info.plist";
				IPHONEOS_DEPLOYMENT_TARGET = 13.2;
				LD_RUNPATH_SEARCH_PATHS = (
					"$(inherited)",
					"@executable_path/Frameworks",
					"@loader_path/Frameworks",
				);
				PRODUCT_BUNDLE_IDENTIFIER = "com.farshadjahanmanesh.Cafe-BazaarTests";
				PRODUCT_NAME = "$(TARGET_NAME)";
				SWIFT_VERSION = 5.0;
				TARGETED_DEVICE_FAMILY = "1,2";
				TEST_HOST = "$(BUILT_PRODUCTS_DIR)/Cafe Bazaar.app/Cafe Bazaar";
			};
			name = Release;
		};
/* End XCBuildConfiguration section */

/* Begin XCConfigurationList section */
		87CCF0E223A9478000C29C4D /* Build configuration list for PBXProject "Cafe Bazaar" */ = {
			isa = XCConfigurationList;
			buildConfigurations = (
				87CCF10423A9478200C29C4D /* Debug */,
				87CCF10523A9478200C29C4D /* Release */,
			);
			defaultConfigurationIsVisible = 0;
			defaultConfigurationName = Release;
		};
		87CCF10623A9478200C29C4D /* Build configuration list for PBXNativeTarget "Cafe Bazaar" */ = {
			isa = XCConfigurationList;
			buildConfigurations = (
				87CCF10723A9478200C29C4D /* Debug */,
				87CCF10823A9478200C29C4D /* Release */,
			);
			defaultConfigurationIsVisible = 0;
			defaultConfigurationName = Release;
		};
		87CCF10923A9478200C29C4D /* Build configuration list for PBXNativeTarget "Cafe BazaarTests" */ = {
			isa = XCConfigurationList;
			buildConfigurations = (
				87CCF10A23A9478200C29C4D /* Debug */,
				87CCF10B23A9478200C29C4D /* Release */,
			);
			defaultConfigurationIsVisible = 0;
			defaultConfigurationName = Release;
		};
/* End XCConfigurationList section */
	};
	rootObject = 87CCF0DF23A9478000C29C4D /* Project object */;
}
